
Microsoft Visual Studio Solution File, Format Version 12.00
# Visual Studio Version 16
VisualStudioVersion = 16.0.29409.12
MinimumVisualStudioVersion = 10.0.40219.1
Project("{FAE04EC0-301F-11D3-BF4B-00C04F79EFBC}") = "Test", "Test\Test.csproj", "{AC18D7F1-5B5B-4340-BBE1-46D4B5D9F325}"
EndProject
Global
	GlobalSection(SolutionConfigurationPlatforms) = preSolution
		Debug|Any CPU = Debug|Any CPU
		Release|Any CPU = Release|Any CPU
	EndGlobalSection
	GlobalSection(ProjectConfigurationPlatforms) = postSolution
		{AC18D7F1-5B5B-4340-BBE1-46D4B5D9F325}.Debug|Any CPU.ActiveCfg = Debug|Any CPU
		{AC18D7F1-5B5B-4340-BBE1-46D4B5D9F325}.Debug|Any CPU.Build.0 = Debug|Any CPU
		{AC18D7F1-5B5B-4340-BBE1-46D4B5D9F325}.Release|Any CPU.ActiveCfg = Release|Any CPU
		{AC18D7F1-5B5B-4340-BBE1-46D4B5D9F325}.Release|Any CPU.Build.0 = Release|Any CPU
	EndGlobalSection
	GlobalSection(SolutionProperties) = preSolution
		HideSolutionNode = FALSE
	EndGlobalSection
	GlobalSection(ExtensibilityGlobals) = postSolution
		SolutionGuid = {0B55AD49-330E-443F-8E30-CB02F280A45D}
	EndGlobalSection
EndGlobal
